
Microsoft Visual Studio Solution File, Format Version 12.00
# Visual Studio Version 17
VisualStudioVersion = 17.0.31912.275
MinimumVisualStudioVersion = 10.0.40219.1
Project("{FAE04EC0-301F-11D3-BF4B-00C04F79EFBC}") = "AquiEstoy MongoDB", "AquiEstoy MongoDB.csproj", "{AD710644-48A3-4D30-BA52-5AC5FC8CC29B}"
EndProject
Global
	GlobalSection(SolutionConfigurationPlatforms) = preSolution
		Debug|Any CPU = Debug|Any CPU
		Release|Any CPU = Release|Any CPU
	EndGlobalSection
	GlobalSection(ProjectConfigurationPlatforms) = postSolution
		{AD710644-48A3-4D30-BA52-5AC5FC8CC29B}.Debug|Any CPU.ActiveCfg = Debug|Any CPU
		{AD710644-48A3-4D30-BA52-5AC5FC8CC29B}.Debug|Any CPU.Build.0 = Debug|Any CPU
		{AD710644-48A3-4D30-BA52-5AC5FC8CC29B}.Release|Any CPU.ActiveCfg = Release|Any CPU
		{AD710644-48A3-4D30-BA52-5AC5FC8CC29B}.Release|Any CPU.Build.0 = Release|Any CPU
	EndGlobalSection
	GlobalSection(SolutionProperties) = preSolution
		HideSolutionNode = FALSE
	EndGlobalSection
	GlobalSection(ExtensibilityGlobals) = postSolution
		SolutionGuid = {25A8CC80-63D3-49E3-B8A3-8ED21BD80E43}
	EndGlobalSection
EndGlobal
